// !$*UTF8*$!
{
	archiveVersion = 1;
	classes = {
	};
	objectVersion = 56;
	objects = {

/* Begin PBXBuildFile section */
		925C25FA2AB842C200C1311D /* GITApp.swift in Sources */ = {isa = PBXBuildFile; fileRef = 925C25F92AB842C200C1311D /* GITApp.swift */; };
		925C25FC2AB842C200C1311D /* ContentView.swift in Sources */ = {isa = PBXBuildFile; fileRef = 925C25FB2AB842C200C1311D /* ContentView.swift */; };
		925C25FE2AB842C400C1311D /* Assets.xcassets in Resources */ = {isa = PBXBuildFile; fileRef = 925C25FD2AB842C400C1311D /* Assets.xcassets */; };
		925C26012AB842C400C1311D /* Preview Assets.xcassets in Resources */ = {isa = PBXBuildFile; fileRef = 925C26002AB842C400C1311D /* Preview Assets.xcassets */; };
		925C260B2AB842C400C1311D /* GITTests.swift in Sources */ = {isa = PBXBuildFile; fileRef = 925C260A2AB842C400C1311D /* GITTests.swift */; };
		925C26152AB842C400C1311D /* GITUITests.swift in Sources */ = {isa = PBXBuildFile; fileRef = 925C26142AB842C400C1311D /* GITUITests.swift */; };
		925C26172AB842C400C1311D /* GITUITestsLaunchTests.swift in Sources */ = {isa = PBXBuildFile; fileRef = 925C26162AB842C400C1311D /* GITUITestsLaunchTests.swift */; };
/* End PBXBuildFile section */

/* Begin PBXContainerItemProxy section */
		925C26072AB842C400C1311D /* PBXContainerItemProxy */ = {
			isa = PBXContainerItemProxy;
			containerPortal = 925C25EE2AB842C200C1311D /* Project object */;
			proxyType = 1;
			remoteGlobalIDString = 925C25F52AB842C200C1311D;
			remoteInfo = GIT;
		};
		925C26112AB842C400C1311D /* PBXContainerItemProxy */ = {
			isa = PBXContainerItemProxy;
			containerPortal = 925C25EE2AB842C200C1311D /* Project object */;
			proxyType = 1;
			remoteGlobalIDString = 925C25F52AB842C200C1311D;
			remoteInfo = GIT;
		};
/* End PBXContainerItemProxy section */

/* Begin PBXFileReference section */
		925C25F62AB842C200C1311D /* GIT.app */ = {isa = PBXFileReference; explicitFileType = wrapper.application; includeInIndex = 0; path = GIT.app; sourceTree = BUILT_PRODUCTS_DIR; };
		925C25F92AB842C200C1311D /* GITApp.swift */ = {isa = PBXFileReference; lastKnownFileType = sourcecode.swift; path = GITApp.swift; sourceTree = "<group>"; };
		925C25FB2AB842C200C1311D /* ContentView.swift */ = {isa = PBXFileReference; lastKnownFileType = sourcecode.swift; path = ContentView.swift; sourceTree = "<group>"; };
		925C25FD2AB842C400C1311D /* Assets.xcassets */ = {isa = PBXFileReference; lastKnownFileType = folder.assetcatalog; path = Assets.xcassets; sourceTree = "<group>"; };
		925C26002AB842C400C1311D /* Preview Assets.xcassets */ = {isa = PBXFileReference; lastKnownFileType = folder.assetcatalog; path = "Preview Assets.xcassets"; sourceTree = "<group>"; };
		925C26062AB842C400C1311D /* GITTests.xctest */ = {isa = PBXFileReference; explicitFileType = wrapper.cfbundle; includeInIndex = 0; path = GITTests.xctest; sourceTree = BUILT_PRODUCTS_DIR; };
		925C260A2AB842C400C1311D /* GITTests.swift */ = {isa = PBXFileReference; lastKnownFileType = sourcecode.swift; path = GITTests.swift; sourceTree = "<group>"; };
		925C26102AB842C400C1311D /* GITUITests.xctest */ = {isa = PBXFileReference; explicitFileType = wrapper.cfbundle; includeInIndex = 0; path = GITUITests.xctest; sourceTree = BUILT_PRODUCTS_DIR; };
		925C26142AB842C400C1311D /* GITUITests.swift */ = {isa = PBXFileReference; lastKnownFileType = sourcecode.swift; path = GITUITests.swift; sourceTree = "<group>"; };
		925C26162AB842C400C1311D /* GITUITestsLaunchTests.swift */ = {isa = PBXFileReference; lastKnownFileType = sourcecode.swift; path = GITUITestsLaunchTests.swift; sourceTree = "<group>"; };
/* End PBXFileReference section */

/* Begin PBXFrameworksBuildPhase section */
		925C25F32AB842C200C1311D /* Frameworks */ = {
			isa = PBXFrameworksBuildPhase;
			buildActionMask = 2147483647;
			files = (
			);
			runOnlyForDeploymentPostprocessing = 0;
		};
		925C26032AB842C400C1311D /* Frameworks */ = {
			isa = PBXFrameworksBuildPhase;
			buildActionMask = 2147483647;
			files = (
			);
			runOnlyForDeploymentPostprocessing = 0;
		};
		925C260D2AB842C400C1311D /* Frameworks */ = {
			isa = PBXFrameworksBuildPhase;
			buildActionMask = 2147483647;
			files = (
			);
			runOnlyForDeploymentPostprocessing = 0;
		};
/* End PBXFrameworksBuildPhase section */

/* Begin PBXGroup section */
		925C25ED2AB842C200C1311D = {
			isa = PBXGroup;
			children = (
				925C25F82AB842C200C1311D /* GIT */,
				925C26092AB842C400C1311D /* GITTests */,
				925C26132AB842C400C1311D /* GITUITests */,
				925C25F72AB842C200C1311D /* Products */,
			);
			sourceTree = "<group>";
		};
		925C25F72AB842C200C1311D /* Products */ = {
			isa = PBXGroup;
			children = (
				925C25F62AB842C200C1311D /* GIT.app */,
				925C26062AB842C400C1311D /* GITTests.xctest */,
				925C26102AB842C400C1311D /* GITUITests.xctest */,
			);
			name = Products;
			sourceTree = "<group>";
		};
		925C25F82AB842C200C1311D /* GIT */ = {
			isa = PBXGroup;
			children = (
				925C25F92AB842C200C1311D /* GITApp.swift */,
				925C25FB2AB842C200C1311D /* ContentView.swift */,
				925C25FD2AB842C400C1311D /* Assets.xcassets */,
				925C25FF2AB842C400C1311D /* Preview Content */,
			);
			path = GIT;
			sourceTree = "<group>";
		};
		925C25FF2AB842C400C1311D /* Preview Content */ = {
			isa = PBXGroup;
			children = (
				925C26002AB842C400C1311D /* Preview Assets.xcassets */,
			);
			path = "Preview Content";
			sourceTree = "<group>";
		};
		925C26092AB842C400C1311D /* GITTests */ = {
			isa = PBXGroup;
			children = (
				925C260A2AB842C400C1311D /* GITTests.swift */,
			);
			path = GITTests;
			sourceTree = "<group>";
		};
		925C26132AB842C400C1311D /* GITUITests */ = {
			isa = PBXGroup;
			children = (
				925C26142AB842C400C1311D /* GITUITests.swift */,
				925C26162AB842C400C1311D /* GITUITestsLaunchTests.swift */,
			);
			path = GITUITests;
			sourceTree = "<group>";
		};
/* End PBXGroup section */

/* Begin PBXNativeTarget section */
		925C25F52AB842C200C1311D /* GIT */ = {
			isa = PBXNativeTarget;
			buildConfigurationList = 925C261A2AB842C400C1311D /* Build configuration list for PBXNativeTarget "GIT" */;
			buildPhases = (
				925C25F22AB842C200C1311D /* Sources */,
				925C25F32AB842C200C1311D /* Frameworks */,
				925C25F42AB842C200C1311D /* Resources */,
			);
			buildRules = (
			);
			dependencies = (
			);
			name = GIT;
			productName = GIT;
			productReference = 925C25F62AB842C200C1311D /* GIT.app */;
			productType = "com.apple.product-type.application";
		};
		925C26052AB842C400C1311D /* GITTests */ = {
			isa = PBXNativeTarget;
			buildConfigurationList = 925C261D2AB842C400C1311D /* Build configuration list for PBXNativeTarget "GITTests" */;
			buildPhases = (
				925C26022AB842C400C1311D /* Sources */,
				925C26032AB842C400C1311D /* Frameworks */,
				925C26042AB842C400C1311D /* Resources */,
			);
			buildRules = (
			);
			dependencies = (
				925C26082AB842C400C1311D /* PBXTargetDependency */,
			);
			name = GITTests;
			productName = GITTests;
			productReference = 925C26062AB842C400C1311D /* GITTests.xctest */;
			productType = "com.apple.product-type.bundle.unit-test";
		};
		925C260F2AB842C400C1311D /* GITUITests */ = {
			isa = PBXNativeTarget;
			buildConfigurationList = 925C26202AB842C400C1311D /* Build configuration list for PBXNativeTarget "GITUITests" */;
			buildPhases = (
				925C260C2AB842C400C1311D /* Sources */,
				925C260D2AB842C400C1311D /* Frameworks */,
				925C260E2AB842C400C1311D /* Resources */,
			);
			buildRules = (
			);
			dependencies = (
				925C26122AB842C400C1311D /* PBXTargetDependency */,
			);
			name = GITUITests;
			productName = GITUITests;
			productReference = 925C26102AB842C400C1311D /* GITUITests.xctest */;
			productType = "com.apple.product-type.bundle.ui-testing";
		};
/* End PBXNativeTarget section */

/* Begin PBXProject section */
		925C25EE2AB842C200C1311D /* Project object */ = {
			isa = PBXProject;
			attributes = {
				BuildIndependentTargetsInParallel = 1;
				LastSwiftUpdateCheck = 1430;
				LastUpgradeCheck = 1430;
				TargetAttributes = {
					925C25F52AB842C200C1311D = {
						CreatedOnToolsVersion = 14.3;
					};
					925C26052AB842C400C1311D = {
						CreatedOnToolsVersion = 14.3;
						TestTargetID = 925C25F52AB842C200C1311D;
					};
					925C260F2AB842C400C1311D = {
						CreatedOnToolsVersion = 14.3;
						TestTargetID = 925C25F52AB842C200C1311D;
					};
				};
			};
			buildConfigurationList = 925C25F12AB842C200C1311D /* Build configuration list for PBXProject "GIT" */;
			compatibilityVersion = "Xcode 14.0";
			developmentRegion = en;
			hasScannedForEncodings = 0;
			knownRegions = (
				en,
				Base,
			);
			mainGroup = 925C25ED2AB842C200C1311D;
			productRefGroup = 925C25F72AB842C200C1311D /* Products */;
			projectDirPath = "";
			projectRoot = "";
			targets = (
				925C25F52AB842C200C1311D /* GIT */,
				925C26052AB842C400C1311D /* GITTests */,
				925C260F2AB842C400C1311D /* GITUITests */,
			);
		};
/* End PBXProject section */

/* Begin PBXResourcesBuildPhase section */
		925C25F42AB842C200C1311D /* Resources */ = {
			isa = PBXResourcesBuildPhase;
			buildActionMask = 2147483647;
			files = (
				925C26012AB842C400C1311D /* Preview Assets.xcassets in Resources */,
				925C25FE2AB842C400C1311D /* Assets.xcassets in Resources */,
			);
			runOnlyForDeploymentPostprocessing = 0;
		};
		925C26042AB842C400C1311D /* Resources */ = {
			isa = PBXResourcesBuildPhase;
			buildActionMask = 2147483647;
			files = (
			);
			runOnlyForDeploymentPostprocessing = 0;
		};
		925C260E2AB842C400C1311D /* Resources */ = {
			isa = PBXResourcesBuildPhase;
			buildActionMask = 2147483647;
			files = (
			);
			runOnlyForDeploymentPostprocessing = 0;
		};
/* End PBXResourcesBuildPhase section */

/* Begin PBXSourcesBuildPhase section */
		925C25F22AB842C200C1311D /* Sources */ = {
			isa = PBXSourcesBuildPhase;
			buildActionMask = 2147483647;
			files = (
				925C25FC2AB842C200C1311D /* ContentView.swift in Sources */,
				925C25FA2AB842C200C1311D /* GITApp.swift in Sources */,
			);
			runOnlyForDeploymentPostprocessing = 0;
		};
		925C26022AB842C400C1311D /* Sources */ = {
			isa = PBXSourcesBuildPhase;
			buildActionMask = 2147483647;
			files = (
				925C260B2AB842C400C1311D /* GITTests.swift in Sources */,
			);
			runOnlyForDeploymentPostprocessing = 0;
		};
		925C260C2AB842C400C1311D /* Sources */ = {
			isa = PBXSourcesBuildPhase;
			buildActionMask = 2147483647;
			files = (
				925C26152AB842C400C1311D /* GITUITests.swift in Sources */,
				925C26172AB842C400C1311D /* GITUITestsLaunchTests.swift in Sources */,
			);
			runOnlyForDeploymentPostprocessing = 0;
		};
/* End PBXSourcesBuildPhase section */

/* Begin PBXTargetDependency section */
		925C26082AB842C400C1311D /* PBXTargetDependency */ = {
			isa = PBXTargetDependency;
			target = 925C25F52AB842C200C1311D /* GIT */;
			targetProxy = 925C26072AB842C400C1311D /* PBXContainerItemProxy */;
		};
		925C26122AB842C400C1311D /* PBXTargetDependency */ = {
			isa = PBXTargetDependency;
			target = 925C25F52AB842C200C1311D /* GIT */;
			targetProxy = 925C26112AB842C400C1311D /* PBXContainerItemProxy */;
		};
/* End PBXTargetDependency section */

/* Begin XCBuildConfiguration section */
		925C26182AB842C400C1311D /* Debug */ = {
			isa = XCBuildConfiguration;
			buildSettings = {
				ALWAYS_SEARCH_USER_PATHS = NO;
				CLANG_ANALYZER_NONNULL = YES;
				CLANG_ANALYZER_NUMBER_OBJECT_CONVERSION = YES_AGGRESSIVE;
				CLANG_CXX_LANGUAGE_STANDARD = "gnu++20";
				CLANG_ENABLE_MODULES = YES;
				CLANG_ENABLE_OBJC_ARC = YES;
				CLANG_ENABLE_OBJC_WEAK = YES;
				CLANG_WARN_BLOCK_CAPTURE_AUTORELEASING = YES;
				CLANG_WARN_BOOL_CONVERSION = YES;
				CLANG_WARN_COMMA = YES;
				CLANG_WARN_CONSTANT_CONVERSION = YES;
				CLANG_WARN_DEPRECATED_OBJC_IMPLEMENTATIONS = YES;
				CLANG_WARN_DIRECT_OBJC_ISA_USAGE = YES_ERROR;
				CLANG_WARN_DOCUMENTATION_COMMENTS = YES;
				CLANG_WARN_EMPTY_BODY = YES;
				CLANG_WARN_ENUM_CONVERSION = YES;
				CLANG_WARN_INFINITE_RECURSION = YES;
				CLANG_WARN_INT_CONVERSION = YES;
				CLANG_WARN_NON_LITERAL_NULL_CONVERSION = YES;
				CLANG_WARN_OBJC_IMPLICIT_RETAIN_SELF = YES;
				CLANG_WARN_OBJC_LITERAL_CONVERSION = YES;
				CLANG_WARN_OBJC_ROOT_CLASS = YES_ERROR;
				CLANG_WARN_QUOTED_INCLUDE_IN_FRAMEWORK_HEADER = YES;
				CLANG_WARN_RANGE_LOOP_ANALYSIS = YES;
				CLANG_WARN_STRICT_PROTOTYPES = YES;
				CLANG_WARN_SUSPICIOUS_MOVE = YES;
				CLANG_WARN_UNGUARDED_AVAILABILITY = YES_AGGRESSIVE;
				CLANG_WARN_UNREACHABLE_CODE = YES;
				CLANG_WARN__DUPLICATE_METHOD_MATCH = YES;
				COPY_PHASE_STRIP = NO;
				DEBUG_INFORMATION_FORMAT = dwarf;
				ENABLE_STRICT_OBJC_MSGSEND = YES;
				ENABLE_TESTABILITY = YES;
				GCC_C_LANGUAGE_STANDARD = gnu11;
				GCC_DYNAMIC_NO_PIC = NO;
				GCC_NO_COMMON_BLOCKS = YES;
				GCC_OPTIMIZATION_LEVEL = 0;
				GCC_PREPROCESSOR_DEFINITIONS = (
					"DEBUG=1",
					"$(inherited)",
				);
				GCC_WARN_64_TO_32_BIT_CONVERSION = YES;
				GCC_WARN_ABOUT_RETURN_TYPE = YES_ERROR;
				GCC_WARN_UNDECLARED_SELECTOR = YES;
				GCC_WARN_UNINITIALIZED_AUTOS = YES_AGGRESSIVE;
				GCC_WARN_UNUSED_FUNCTION = YES;
				GCC_WARN_UNUSED_VARIABLE = YES;
				IPHONEOS_DEPLOYMENT_TARGET = 16.4;
				MTL_ENABLE_DEBUG_INFO = INCLUDE_SOURCE;
				MTL_FAST_MATH = YES;
				ONLY_ACTIVE_ARCH = YES;
				SDKROOT = iphoneos;
				SWIFT_ACTIVE_COMPILATION_CONDITIONS = DEBUG;
				SWIFT_OPTIMIZATION_LEVEL = "-Onone";
			};
			name = Debug;
		};
		925C26192AB842C400C1311D /* Release */ = {
			isa = XCBuildConfiguration;
			buildSettings = {
				ALWAYS_SEARCH_USER_PATHS = NO;
				CLANG_ANALYZER_NONNULL = YES;
				CLANG_ANALYZER_NUMBER_OBJECT_CONVERSION = YES_AGGRESSIVE;
				CLANG_CXX_LANGUAGE_STANDARD = "gnu++20";
				CLANG_ENABLE_MODULES = YES;
				CLANG_ENABLE_OBJC_ARC = YES;
				CLANG_ENABLE_OBJC_WEAK = YES;
				CLANG_WARN_BLOCK_CAPTURE_AUTORELEASING = YES;
				CLANG_WARN_BOOL_CONVERSION = YES;
				CLANG_WARN_COMMA = YES;
				CLANG_WARN_CONSTANT_CONVERSION = YES;
				CLANG_WARN_DEPRECATED_OBJC_IMPLEMENTATIONS = YES;
				CLANG_WARN_DIRECT_OBJC_ISA_USAGE = YES_ERROR;
				CLANG_WARN_DOCUMENTATION_COMMENTS = YES;
				CLANG_WARN_EMPTY_BODY = YES;
				CLANG_WARN_ENUM_CONVERSION = YES;
				CLANG_WARN_INFINITE_RECURSION = YES;
				CLANG_WARN_INT_CONVERSION = YES;
				CLANG_WARN_NON_LITERAL_NULL_CONVERSION = YES;
				CLANG_WARN_OBJC_IMPLICIT_RETAIN_SELF = YES;
				CLANG_WARN_OBJC_LITERAL_CONVERSION = YES;
				CLANG_WARN_OBJC_ROOT_CLASS = YES_ERROR;
				CLANG_WARN_QUOTED_INCLUDE_IN_FRAMEWORK_HEADER = YES;
				CLANG_WARN_RANGE_LOOP_ANALYSIS = YES;
				CLANG_WARN_STRICT_PROTOTYPES = YES;
				CLANG_WARN_SUSPICIOUS_MOVE = YES;
				CLANG_WARN_UNGUARDED_AVAILABILITY = YES_AGGRESSIVE;
				CLANG_WARN_UNREACHABLE_CODE = YES;
				CLANG_WARN__DUPLICATE_METHOD_MATCH = YES;
				COPY_PHASE_STRIP = NO;
				DEBUG_INFORMATION_FORMAT = "dwarf-with-dsym";
				ENABLE_NS_ASSERTIONS = NO;
				ENABLE_STRICT_OBJC_MSGSEND = YES;
				GCC_C_LANGUAGE_STANDARD = gnu11;
				GCC_NO_COMMON_BLOCKS = YES;
				GCC_WARN_64_TO_32_BIT_CONVERSION = YES;
				GCC_WARN_ABOUT_RETURN_TYPE = YES_ERROR;
				GCC_WARN_UNDECLARED_SELECTOR = YES;
				GCC_WARN_UNINITIALIZED_AUTOS = YES_AGGRESSIVE;
				GCC_WARN_UNUSED_FUNCTION = YES;
				GCC_WARN_UNUSED_VARIABLE = YES;
				IPHONEOS_DEPLOYMENT_TARGET = 16.4;
				MTL_ENABLE_DEBUG_INFO = NO;
				MTL_FAST_MATH = YES;
				SDKROOT = iphoneos;
				SWIFT_COMPILATION_MODE = wholemodule;
				SWIFT_OPTIMIZATION_LEVEL = "-O";
				VALIDATE_PRODUCT = YES;
			};
			name = Release;
		};
		925C261B2AB842C400C1311D /* Debug */ = {
			isa = XCBuildConfiguration;
			buildSettings = {
				ASSETCATALOG_COMPILER_APPICON_NAME = AppIcon;
				ASSETCATALOG_COMPILER_GLOBAL_ACCENT_COLOR_NAME = AccentColor;
				CODE_SIGN_STYLE = Automatic;
				CURRENT_PROJECT_VERSION = 1;
				DEVELOPMENT_ASSET_PATHS = "\"GIT/Preview Content\"";
				ENABLE_PREVIEWS = YES;
				GENERATE_INFOPLIST_FILE = YES;
				INFOPLIST_KEY_UIApplicationSceneManifest_Generation = YES;
				INFOPLIST_KEY_UIApplicationSupportsIndirectInputEvents = YES;
				INFOPLIST_KEY_UILaunchScreen_Generation = YES;
				INFOPLIST_KEY_UISupportedInterfaceOrientations_iPad = "UIInterfaceOrientationPortrait UIInterfaceOrientationPortraitUpsideDown UIInterfaceOrientationLandscapeLeft UIInterfaceOrientationLandscapeRight";
				INFOPLIST_KEY_UISupportedInterfaceOrientations_iPhone = "UIInterfaceOrientationPortrait UIInterfaceOrientationLandscapeLeft UIInterfaceOrientationLandscapeRight";
				LD_RUNPATH_SEARCH_PATHS = (
					"$(inherited)",
					"@executable_path/Frameworks",
				);
				MARKETING_VERSION = 1.0;
				PRODUCT_BUNDLE_IDENTIFIER = com.yogi.GIT;
				PRODUCT_NAME = "$(TARGET_NAME)";
				SWIFT_EMIT_LOC_STRINGS = YES;
				SWIFT_VERSION = 5.0;
				TARGETED_DEVICE_FAMILY = "1,2";
			};
			name = Debug;
		};
		925C261C2AB842C400C1311D /* Release */ = {
			isa = XCBuildConfiguration;
			buildSettings = {
				ASSETCATALOG_COMPILER_APPICON_NAME = AppIcon;
				ASSETCATALOG_COMPILER_GLOBAL_ACCENT_COLOR_NAME = AccentColor;
				CODE_SIGN_STYLE = Automatic;
				CURRENT_PROJECT_VERSION = 1;
				DEVELOPMENT_ASSET_PATHS = "\"GIT/Preview Content\"";
				ENABLE_PREVIEWS = YES;
				GENERATE_INFOPLIST_FILE = YES;
				INFOPLIST_KEY_UIApplicationSceneManifest_Generation = YES;
				INFOPLIST_KEY_UIApplicationSupportsIndirectInputEvents = YES;
				INFOPLIST_KEY_UILaunchScreen_Generation = YES;
				INFOPLIST_KEY_UISupportedInterfaceOrientations_iPad = "UIInterfaceOrientationPortrait UIInterfaceOrientationPortraitUpsideDown UIInterfaceOrientationLandscapeLeft UIInterfaceOrientationLandscapeRight";
				INFOPLIST_KEY_UISupportedInterfaceOrientations_iPhone = "UIInterfaceOrientationPortrait UIInterfaceOrientationLandscapeLeft UIInterfaceOrientationLandscapeRight";
				LD_RUNPATH_SEARCH_PATHS = (
					"$(inherited)",
					"@executable_path/Frameworks",
				);
				MARKETING_VERSION = 1.0;
				PRODUCT_BUNDLE_IDENTIFIER = com.yogi.GIT;
				PRODUCT_NAME = "$(TARGET_NAME)";
				SWIFT_EMIT_LOC_STRINGS = YES;
				SWIFT_VERSION = 5.0;
				TARGETED_DEVICE_FAMILY = "1,2";
			};
			name = Release;
		};
		925C261E2AB842C400C1311D /* Debug */ = {
			isa = XCBuildConfiguration;
			buildSettings = {
				ALWAYS_EMBED_SWIFT_STANDARD_LIBRARIES = YES;
				BUNDLE_LOADER = "$(TEST_HOST)";
				CODE_SIGN_STYLE = Automatic;
				CURRENT_PROJECT_VERSION = 1;
				GENERATE_INFOPLIST_FILE = YES;
				IPHONEOS_DEPLOYMENT_TARGET = 16.4;
				MARKETING_VERSION = 1.0;
				PRODUCT_BUNDLE_IDENTIFIER = com.yogi.GITTests;
				PRODUCT_NAME = "$(TARGET_NAME)";
				SWIFT_EMIT_LOC_STRINGS = NO;
				SWIFT_VERSION = 5.0;
				TARGETED_DEVICE_FAMILY = "1,2";
				TEST_HOST = "$(BUILT_PRODUCTS_DIR)/GIT.app/$(BUNDLE_EXECUTABLE_FOLDER_PATH)/GIT";
			};
			name = Debug;
		};
		925C261F2AB842C400C1311D /* Release */ = {
			isa = XCBuildConfiguration;
			buildSettings = {
				ALWAYS_EMBED_SWIFT_STANDARD_LIBRARIES = YES;
				BUNDLE_LOADER = "$(TEST_HOST)";
				CODE_SIGN_STYLE = Automatic;
				CURRENT_PROJECT_VERSION = 1;
				GENERATE_INFOPLIST_FILE = YES;
				IPHONEOS_DEPLOYMENT_TARGET = 16.4;
				MARKETING_VERSION = 1.0;
				PRODUCT_BUNDLE_IDENTIFIER = com.yogi.GITTests;
				PRODUCT_NAME = "$(TARGET_NAME)";
				SWIFT_EMIT_LOC_STRINGS = NO;
				SWIFT_VERSION = 5.0;
				TARGETED_DEVICE_FAMILY = "1,2";
				TEST_HOST = "$(BUILT_PRODUCTS_DIR)/GIT.app/$(BUNDLE_EXECUTABLE_FOLDER_PATH)/GIT";
			};
			name = Release;
		};
		925C26212AB842C400C1311D /* Debug */ = {
			isa = XCBuildConfiguration;
			buildSettings = {
				ALWAYS_EMBED_SWIFT_STANDARD_LIBRARIES = YES;
				CODE_SIGN_STYLE = Automatic;
				CURRENT_PROJECT_VERSION = 1;
				GENERATE_INFOPLIST_FILE = YES;
				MARKETING_VERSION = 1.0;
				PRODUCT_BUNDLE_IDENTIFIER = com.yogi.GITUITests;
				PRODUCT_NAME = "$(TARGET_NAME)";
				SWIFT_EMIT_LOC_STRINGS = NO;
				SWIFT_VERSION = 5.0;
				TARGETED_DEVICE_FAMILY = "1,2";
				TEST_TARGET_NAME = GIT;
			};
			name = Debug;
		};
		925C26222AB842C400C1311D /* Release */ = {
			isa = XCBuildConfiguration;
			buildSettings = {
				ALWAYS_EMBED_SWIFT_STANDARD_LIBRARIES = YES;
				CODE_SIGN_STYLE = Automatic;
				CURRENT_PROJECT_VERSION = 1;
				GENERATE_INFOPLIST_FILE = YES;
				MARKETING_VERSION = 1.0;
				PRODUCT_BUNDLE_IDENTIFIER = com.yogi.GITUITests;
				PRODUCT_NAME = "$(TARGET_NAME)";
				SWIFT_EMIT_LOC_STRINGS = NO;
				SWIFT_VERSION = 5.0;
				TARGETED_DEVICE_FAMILY = "1,2";
				TEST_TARGET_NAME = GIT;
			};
			name = Release;
		};
/* End XCBuildConfiguration section */

/* Begin XCConfigurationList section */
		925C25F12AB842C200C1311D /* Build configuration list for PBXProject "GIT" */ = {
			isa = XCConfigurationList;
			buildConfigurations = (
				925C26182AB842C400C1311D /* Debug */,
				925C26192AB842C400C1311D /* Release */,
			);
			defaultConfigurationIsVisible = 0;
			defaultConfigurationName = Release;
		};
		925C261A2AB842C400C1311D /* Build configuration list for PBXNativeTarget "GIT" */ = {
			isa = XCConfigurationList;
			buildConfigurations = (
				925C261B2AB842C400C1311D /* Debug */,
				925C261C2AB842C400C1311D /* Release */,
			);
			defaultConfigurationIsVisible = 0;
			defaultConfigurationName = Release;
		};
		925C261D2AB842C400C1311D /* Build configuration list for PBXNativeTarget "GITTests" */ = {
			isa = XCConfigurationList;
			buildConfigurations = (
				925C261E2AB842C400C1311D /* Debug */,
				925C261F2AB842C400C1311D /* Release */,
			);
			defaultConfigurationIsVisible = 0;
			defaultConfigurationName = Release;
		};
		925C26202AB842C400C1311D /* Build configuration list for PBXNativeTarget "GITUITests" */ = {
			isa = XCConfigurationList;
			buildConfigurations = (
				925C26212AB842C400C1311D /* Debug */,
				925C26222AB842C400C1311D /* Release */,
			);
			defaultConfigurationIsVisible = 0;
			defaultConfigurationName = Release;
		};
/* End XCConfigurationList section */
	};
	rootObject = 925C25EE2AB842C200C1311D /* Project object */;
}
